<?xml version="1.0" encoding="utf-8"?>
<Project ToolsVersion="4.0" xmlns="http://schemas.microsoft.com/developer/msbuild/2003">
  <ItemGroup>
    <Filter Include="리소스 파일">
      <UniqueIdentifier>{67DA6AB6-F800-4c08-8B7A-83BB121AAD01}</UniqueIdentifier>
      <Extensions>rc;ico;cur;bmp;dlg;rc2;rct;bin;rgs;gif;jpg;jpeg;jpe;resx;tiff;tif;png;wav;mfcribbon-ms</Extensions>
    </Filter>
    <Filter Include="소스 파일">
      <UniqueIdentifier>{4FC737F1-C7A5-4376-A066-2A32D752A2FF}</UniqueIdentifier>
      <Extensions>cpp;c;cc;cxx;c++;cppm;ixx;def;odl;idl;hpj;bat;asm;asmx</Extensions>
    </Filter>
    <Filter Include="헤더 파일">
      <UniqueIdentifier>{60e68960-5f95-4cc9-8d08-b1dd2dbcf1da}</UniqueIdentifier>
    </Filter>
  </ItemGroup>
  <ItemGroup>
    <ClCompile Include="d3dclass.cpp">
      <Filter>소스 파일</Filter>
    </ClCompile>
    <ClCompile Include="graphicsclass.cpp">
      <Filter>소스 파일</Filter>
    </ClCompile>
    <ClCompile Include="inputclass.cpp">
      <Filter>소스 파일</Filter>
    </ClCompile>
    <ClCompile Include="main.cpp">
      <Filter>소스 파일</Filter>
    </ClCompile>
    <ClCompile Include="systemclass.cpp">
      <Filter>소스 파일</Filter>
    </ClCompile>
    <ClCompile Include="modelclass.cpp">
      <Filter>소스 파일</Filter>
    </ClCompile>
    <ClCompile Include="textureclass.cpp">
      <Filter>소스 파일</Filter>
    </ClCompile>
    <ClCompile Include="textureshaderclass.cpp">
      <Filter>소스 파일</Filter>
    </ClCompile>
    <ClCompile Include="DDSTextureLoader.cpp">
      <Filter>소스 파일</Filter>
    </ClCompile>
    <ClCompile Include="GameObject.cpp">
      <Filter>소스 파일</Filter>
    </ClCompile>
    <ClCompile Include="ObjectClass.cpp">
      <Filter>소스 파일</Filter>
    </ClCompile>
    <ClCompile Include="lightclass.cpp">
      <Filter>소스 파일</Filter>
    </ClCompile>
    <ClCompile Include="lightshaderclass.cpp">
      <Filter>소스 파일</Filter>
    </ClCompile>
    <ClCompile Include="fontshaderclass.cpp">
      <Filter>소스 파일</Filter>
    </ClCompile>
    <ClCompile Include="fontclass.cpp">
      <Filter>소스 파일</Filter>
    </ClCompile>
    <ClCompile Include="timerclass.cpp">
      <Filter>소스 파일</Filter>
    </ClCompile>
    <ClCompile Include="cpuclass.cpp">
      <Filter>소스 파일</Filter>
    </ClCompile>
    <ClCompile Include="fpsclass.cpp">
      <Filter>소스 파일</Filter>
    </ClCompile>
    <ClCompile Include="LightManager.cpp">
      <Filter>소스 파일</Filter>
    </ClCompile>
    <ClCompile Include="PanelModelClass.cpp">
      <Filter>소스 파일</Filter>
    </ClCompile>
    <ClCompile Include="Canvas.cpp">
      <Filter>소스 파일</Filter>
    </ClCompile>
    <ClCompile Include="Collision.cpp">
      <Filter>소스 파일</Filter>
    </ClCompile>
    <ClCompile Include="Collider.cpp">
      <Filter>소스 파일</Filter>
    </ClCompile>
    <ClCompile Include="ColliderType.cpp">
      <Filter>소스 파일</Filter>
    </ClCompile>
    <ClCompile Include="Transform.cpp">
      <Filter>소스 파일</Filter>
    </ClCompile>
    <ClCompile Include="Component.cpp">
      <Filter>소스 파일</Filter>
    </ClCompile>
    <ClCompile Include="RectTransform.cpp">
      <Filter>소스 파일</Filter>
    </ClCompile>
    <ClCompile Include="CanvasRenderer.cpp">
      <Filter>소스 파일</Filter>
    </ClCompile>
    <ClCompile Include="RenderManager.cpp">
      <Filter>소스 파일</Filter>
    </ClCompile>
    <ClCompile Include="Renderer.cpp">
      <Filter>소스 파일</Filter>
    </ClCompile>
    <ClCompile Include="WorldSpaceUIRenderManager.cpp">
      <Filter>소스 파일</Filter>
    </ClCompile>
    <ClCompile Include="CanvasRenderManager.cpp">
      <Filter>소스 파일</Filter>
    </ClCompile>
    <ClCompile Include="WorldSpaceUIRenderer.cpp">
      <Filter>소스 파일</Filter>
    </ClCompile>
    <ClCompile Include="BaseCamera.cpp">
      <Filter>소스 파일</Filter>
    </ClCompile>
    <ClCompile Include="RenderComponent.cpp">
      <Filter>소스 파일</Filter>
    </ClCompile>
    <ClCompile Include="CameraObject.cpp">
      <Filter>소스 파일</Filter>
    </ClCompile>
    <ClCompile Include="MoveEvent.h">
      <Filter>헤더 파일</Filter>
    </ClCompile>
    <ClCompile Include="SphereCollider.cpp">
      <Filter>소스 파일</Filter>
    </ClCompile>
    <ClCompile Include="RayCollider.cpp">
      <Filter>소스 파일</Filter>
    </ClCompile>
    <ClCompile Include="BoxCollider.cpp">
      <Filter>소스 파일</Filter>
    </ClCompile>
    <ClCompile Include="Player.cpp">
      <Filter>소스 파일</Filter>
    </ClCompile>
    <ClCompile Include="CameraManager.cpp">
      <Filter>소스 파일</Filter>
    </ClCompile>
    <ClCompile Include="ThirdPersonCamera.cpp">
      <Filter>소스 파일</Filter>
    </ClCompile>
    <ClCompile Include="FirstPersonCamera.cpp">
      <Filter>소스 파일</Filter>
    </ClCompile>
    <ClCompile Include="ScopeCamera.cpp">
      <Filter>소스 파일</Filter>
    </ClCompile>
    <ClCompile Include="ArtilleryCamera.cpp">
      <Filter>소스 파일</Filter>
    </ClCompile>
    <ClCompile Include="BulletManager.cpp">
      <Filter>소스 파일</Filter>
    </ClCompile>
    <ClCompile Include="BaseBullet.cpp">
      <Filter>소스 파일</Filter>
    </ClCompile>
    <ClCompile Include="Bullet.cpp">
      <Filter>소스 파일</Filter>
    </ClCompile>
    <ClCompile Include="ScopeBullet.cpp">
      <Filter>소스 파일</Filter>
    </ClCompile>
    <ClCompile Include="ArtilleryBullet.cpp">
      <Filter>소스 파일</Filter>
    </ClCompile>
    <ClCompile Include="PanelTextureClass.cpp">
      <Filter>소스 파일</Filter>
    </ClCompile>
    <ClCompile Include="BaseScene.cpp">
      <Filter>소스 파일</Filter>
    </ClCompile>
    <ClCompile Include="SceneManager.cpp">
      <Filter>소스 파일</Filter>
    </ClCompile>
    <ClCompile Include="DummyScene.cpp">
      <Filter>소스 파일</Filter>
    </ClCompile>
    <ClCompile Include="ThreadPool.cpp">
      <Filter>소스 파일</Filter>
    </ClCompile>
    <ClCompile Include="SceneSystem.cpp">
      <Filter>소스 파일</Filter>
    </ClCompile>
    <ClCompile Include="GameScene.cpp">
      <Filter>소스 파일</Filter>
    </ClCompile>
    <ClCompile Include="CameraResolver.cpp">
      <Filter>소스 파일</Filter>
    </ClCompile>
    <ClCompile Include="TestScene3.cpp">
      <Filter>소스 파일</Filter>
    </ClCompile>
    <ClCompile Include="TestScene1.cpp">
      <Filter>소스 파일</Filter>
    </ClCompile>
    <ClCompile Include="SceneChangerController.cpp">
      <Filter>소스 파일</Filter>
    </ClCompile>
    <ClCompile Include="TestLoop.cpp">
      <Filter>소스 파일</Filter>
    </ClCompile>
    <ClCompile Include="TestPlayer.cpp">
      <Filter>소스 파일</Filter>
    </ClCompile>
    <ClCompile Include="TestScene2.cpp">
      <Filter>소스 파일</Filter>
    </ClCompile>
    <ClCompile Include="TestScene0.cpp">
      <Filter>소스 파일</Filter>
    </ClCompile>
    <ClCompile Include="DestroyBox.cpp">
      <Filter>소스 파일</Filter>
    </ClCompile>
    <ClCompile Include="GameManager.cpp">
      <Filter>소스 파일</Filter>
    </ClCompile>
  </ItemGroup>
  <ItemGroup>
    <ClInclude Include="textureshaderclass.h">
      <Filter>헤더 파일</Filter>
    </ClInclude>
    <ClInclude Include="textureclass.h">
      <Filter>헤더 파일</Filter>
    </ClInclude>
    <ClInclude Include="systemclass.h">
      <Filter>헤더 파일</Filter>
    </ClInclude>
    <ClInclude Include="modelclass.h">
      <Filter>헤더 파일</Filter>
    </ClInclude>
    <ClInclude Include="inputclass.h">
      <Filter>헤더 파일</Filter>
    </ClInclude>
    <ClInclude Include="graphicsclass.h">
      <Filter>헤더 파일</Filter>
    </ClInclude>
    <ClInclude Include="DDSTextureLoader.h">
      <Filter>헤더 파일</Filter>
    </ClInclude>
    <ClInclude Include="d3dclass.h">
      <Filter>헤더 파일</Filter>
    </ClInclude>
    <ClInclude Include="AlignedAllocationPolicy.h">
      <Filter>헤더 파일</Filter>
    </ClInclude>
    <ClInclude Include="GameObject.h">
      <Filter>헤더 파일</Filter>
    </ClInclude>
    <ClInclude Include="ObjectClass.h">
      <Filter>헤더 파일</Filter>
    </ClInclude>
    <ClInclude Include="lightclass.h">
      <Filter>헤더 파일</Filter>
    </ClInclude>
    <ClInclude Include="lightshaderclass.h">
      <Filter>헤더 파일</Filter>
    </ClInclude>
    <ClInclude Include="fontclass.h">
      <Filter>헤더 파일</Filter>
    </ClInclude>
    <ClInclude Include="fontshaderclass.h">
      <Filter>헤더 파일</Filter>
    </ClInclude>
    <ClInclude Include="textclass.h">
      <Filter>헤더 파일</Filter>
    </ClInclude>
    <ClInclude Include="cpuclass.h">
      <Filter>헤더 파일</Filter>
    </ClInclude>
    <ClInclude Include="timerclass.h">
      <Filter>헤더 파일</Filter>
    </ClInclude>
    <ClInclude Include="fpsclass.h">
      <Filter>헤더 파일</Filter>
    </ClInclude>
    <ClInclude Include="CameraObject.h">
      <Filter>헤더 파일</Filter>
    </ClInclude>
    <ClInclude Include="LightManager.h">
      <Filter>헤더 파일</Filter>
    </ClInclude>
    <ClInclude Include="ShootType.h">
      <Filter>헤더 파일</Filter>
    </ClInclude>
    <ClInclude Include="PanelModelClass.h">
      <Filter>헤더 파일</Filter>
    </ClInclude>
    <ClInclude Include="Canvas.h">
      <Filter>헤더 파일</Filter>
    </ClInclude>
    <ClInclude Include="Collider.h">
      <Filter>헤더 파일</Filter>
    </ClInclude>
    <ClInclude Include="ColliderType.h">
      <Filter>헤더 파일</Filter>
    </ClInclude>
    <ClInclude Include="Collision.h">
      <Filter>헤더 파일</Filter>
    </ClInclude>
    <ClInclude Include="Transform.h">
      <Filter>헤더 파일</Filter>
    </ClInclude>
    <ClInclude Include="Component.h">
      <Filter>헤더 파일</Filter>
    </ClInclude>
    <ClInclude Include="Tag.h">
      <Filter>헤더 파일</Filter>
    </ClInclude>
    <ClInclude Include="RectTransform.h">
      <Filter>헤더 파일</Filter>
    </ClInclude>
    <ClInclude Include="CanvasRenderer.h">
      <Filter>헤더 파일</Filter>
    </ClInclude>
    <ClInclude Include="Renderer.h">
      <Filter>헤더 파일</Filter>
    </ClInclude>
    <ClInclude Include="WorldSpaceUIRenderManager.h">
      <Filter>헤더 파일</Filter>
    </ClInclude>
    <ClInclude Include="RenderManager.h">
      <Filter>헤더 파일</Filter>
    </ClInclude>
    <ClInclude Include="CanvasRenderManager.h">
      <Filter>헤더 파일</Filter>
    </ClInclude>
    <ClInclude Include="WorldSpaceUIRenderer.h">
      <Filter>헤더 파일</Filter>
    </ClInclude>
    <ClInclude Include="BaseCamera.h">
      <Filter>헤더 파일</Filter>
    </ClInclude>
    <ClInclude Include="RenderComponent.h">
      <Filter>헤더 파일</Filter>
    </ClInclude>
    <ClInclude Include="SphereCollider.h">
      <Filter>헤더 파일</Filter>
    </ClInclude>
    <ClInclude Include="BoxCollider.h">
      <Filter>헤더 파일</Filter>
    </ClInclude>
    <ClInclude Include="RayCollider.h">
      <Filter>헤더 파일</Filter>
    </ClInclude>
    <ClInclude Include="Player.h">
      <Filter>헤더 파일</Filter>
    </ClInclude>
    <ClInclude Include="ArtilleryBullet.h">
      <Filter>헤더 파일</Filter>
    </ClInclude>
    <ClInclude Include="ArtilleryCamera.h">
      <Filter>헤더 파일</Filter>
    </ClInclude>
    <ClInclude Include="BaseBullet.h">
      <Filter>헤더 파일</Filter>
    </ClInclude>
    <ClInclude Include="Bullet.h">
      <Filter>헤더 파일</Filter>
    </ClInclude>
    <ClInclude Include="BulletManager.h">
      <Filter>헤더 파일</Filter>
    </ClInclude>
    <ClInclude Include="CameraManager.h">
      <Filter>헤더 파일</Filter>
    </ClInclude>
    <ClInclude Include="FirstPersonCamera.h">
      <Filter>헤더 파일</Filter>
    </ClInclude>
    <ClInclude Include="ScopeBullet.h">
      <Filter>헤더 파일</Filter>
    </ClInclude>
    <ClInclude Include="ScopeCamera.h">
      <Filter>헤더 파일</Filter>
    </ClInclude>
    <ClInclude Include="ThirdPersonCamera.h">
      <Filter>헤더 파일</Filter>
    </ClInclude>
    <ClInclude Include="PanelTextureClass.h">
      <Filter>헤더 파일</Filter>
    </ClInclude>
    <ClInclude Include="BaseScene.h">
      <Filter>헤더 파일</Filter>
    </ClInclude>
    <ClInclude Include="SceneManager.h">
      <Filter>헤더 파일</Filter>
    </ClInclude>
    <ClInclude Include="DummyScene.h">
      <Filter>헤더 파일</Filter>
    </ClInclude>
    <ClInclude Include="ThreadPool.h">
      <Filter>헤더 파일</Filter>
    </ClInclude>
    <ClInclude Include="SceneSystem.h">
      <Filter>헤더 파일</Filter>
    </ClInclude>
    <ClInclude Include="GameScene.h">
      <Filter>헤더 파일</Filter>
    </ClInclude>
    <ClInclude Include="CameraResolver.h">
      <Filter>헤더 파일</Filter>
    </ClInclude>
    <ClInclude Include="TestScene3.h">
      <Filter>헤더 파일</Filter>
    </ClInclude>
    <ClInclude Include="TestScene1.h">
      <Filter>헤더 파일</Filter>
    </ClInclude>
    <ClInclude Include="TestLoop.h">
      <Filter>헤더 파일</Filter>
    </ClInclude>
    <ClInclude Include="SceneChangerController.h">
      <Filter>헤더 파일</Filter>
    </ClInclude>
    <ClInclude Include="TestPlayer.h">
      <Filter>헤더 파일</Filter>
    </ClInclude>
    <ClInclude Include="TestScene2.h">
      <Filter>헤더 파일</Filter>
    </ClInclude>
    <ClInclude Include="TestScene0.h">
      <Filter>헤더 파일</Filter>
    </ClInclude>
    <ClInclude Include="DestroyBox.h">
      <Filter>헤더 파일</Filter>
    </ClInclude>
    <ClInclude Include="GameManager.h">
      <Filter>헤더 파일</Filter>
    </ClInclude>
  </ItemGroup>
  <ItemGroup>
    <Image Include="data\Cannon.dds">
      <Filter>리소스 파일</Filter>
    </Image>
    <Image Include="data\font.dds">
      <Filter>리소스 파일</Filter>
    </Image>
    <Image Include="data\TempArtilleryLineOfSight.dds">
      <Filter>리소스 파일</Filter>
    </Image>
    <Image Include="data\TempNormalLineOfSight.dds">
      <Filter>리소스 파일</Filter>
    </Image>
    <Image Include="data\TempScopeLineOfSight.dds">
      <Filter>리소스 파일</Filter>
    </Image>
    <Image Include="data\Default.dds">
      <Filter>리소스 파일</Filter>
    </Image>
    <Image Include="data\spacesphereT1.dds">
      <Filter>리소스 파일</Filter>
    </Image>
    <Image Include="data\WolfT1.dds">
      <Filter>리소스 파일</Filter>
    </Image>
    <Image Include="data\1T1.dds">
      <Filter>리소스 파일</Filter>
    </Image>
    <Image Include="data\2T1.dds">
      <Filter>리소스 파일</Filter>
    </Image>
    <Image Include="data\3T1.dds">
      <Filter>리소스 파일</Filter>
    </Image>
    <Image Include="data\4T1.dds">
      <Filter>리소스 파일</Filter>
    </Image>
    <Image Include="data\5T1.dds">
      <Filter>리소스 파일</Filter>
    </Image>
    <Image Include="data\6T1.dds">
      <Filter>리소스 파일</Filter>
    </Image>
    <Image Include="data\7T1.dds">
      <Filter>리소스 파일</Filter>
    </Image>
    <Image Include="data\8T1.dds">
      <Filter>리소스 파일</Filter>
    </Image>
    <Image Include="data\9T1.dds">
      <Filter>리소스 파일</Filter>
    </Image>
    <Image Include="data\10T1.dds">
      <Filter>리소스 파일</Filter>
    </Image>
    <Image Include="data\11T1.dds">
      <Filter>리소스 파일</Filter>
    </Image>
    <Image Include="data\12T1.dds">
      <Filter>리소스 파일</Filter>
    </Image>
    <Image Include="data\13T1.dds">
      <Filter>리소스 파일</Filter>
    </Image>
    <Image Include="data\14T1.dds">
      <Filter>리소스 파일</Filter>
    </Image>
    <Image Include="data\15T1.dds">
      <Filter>리소스 파일</Filter>
    </Image>
    <Image Include="data\16T1.dds">
      <Filter>리소스 파일</Filter>
    </Image>
    <Image Include="data\1911T1.dds">
      <Filter>리소스 파일</Filter>
    </Image>
    <Image Include="data\arrowT1.dds">
      <Filter>리소스 파일</Filter>
    </Image>
    <Image Include="data\CampfireT1.dds">
      <Filter>리소스 파일</Filter>
    </Image>
    <Image Include="data\foliageT1.dds">
      <Filter>리소스 파일</Filter>
    </Image>
    <Image Include="data\GolemT1.dds">
      <Filter>리소스 파일</Filter>
    </Image>
    <Image Include="data\KogMawT1.dds">
      <Filter>리소스 파일</Filter>
    </Image>
    <Image Include="data\plantT1.dds">
      <Filter>리소스 파일</Filter>
    </Image>
    <Image Include="data\propsT1.dds">
      <Filter>리소스 파일</Filter>
    </Image>
    <Image Include="data\rock-blueT1.dds">
      <Filter>리소스 파일</Filter>
    </Image>
    <Image Include="data\rock-redT1.dds">
      <Filter>리소스 파일</Filter>
    </Image>
    <Image Include="data\DefaultBumpMap.dds">
      <Filter>리소스 파일</Filter>
    </Image>
    <Image Include="data\stoneB.dds">
      <Filter>리소스 파일</Filter>
    </Image>
    <Image Include="data\stoneT1.dds">
      <Filter>리소스 파일</Filter>
    </Image>
    <Image Include="data\stoneT2.dds">
      <Filter>리소스 파일</Filter>
    </Image>
    <Image Include="data\DefaultBump.dds">
      <Filter>리소스 파일</Filter>
    </Image>
    <Image Include="data\Title.dds">
      <Filter>리소스 파일</Filter>
    </Image>
    <Image Include="data\Result.dds">
      <Filter>리소스 파일</Filter>
    </Image>
  </ItemGroup>
  <ItemGroup>
    <None Include="data\texture.ps">
      <Filter>리소스 파일</Filter>
    </None>
    <None Include="data\texture.vs">
      <Filter>리소스 파일</Filter>
    </None>
    <None Include="data\font.ps">
      <Filter>리소스 파일</Filter>
    </None>
    <None Include="data\font.vs">
      <Filter>리소스 파일</Filter>
    </None>
  </ItemGroup>
  <ItemGroup>
    <FxCompile Include="data\phongLightShader.hlsl">
      <Filter>리소스 파일</Filter>
    </FxCompile>
  </ItemGroup>
  <ItemGroup>
    <Text Include="data\fontdata.txt">
      <Filter>리소스 파일</Filter>
    </Text>
  </ItemGroup>
</Project>