<?xml version="1.0" encoding="utf-8"?>
<Project ToolsVersion="4.0" xmlns="http://schemas.microsoft.com/developer/msbuild/2003">
  <ItemGroup>
    <Filter Include="리소스 파일">
      <UniqueIdentifier>{67DA6AB6-F800-4c08-8B7A-83BB121AAD01}</UniqueIdentifier>
      <Extensions>rc;ico;cur;bmp;dlg;rc2;rct;bin;rgs;gif;jpg;jpeg;jpe;resx;tiff;tif;png;wav;mfcribbon-ms</Extensions>
    </Filter>
    <Filter Include="소스 파일">
      <UniqueIdentifier>{4FC737F1-C7A5-4376-A066-2A32D752A2FF}</UniqueIdentifier>
      <Extensions>cpp;c;cc;cxx;c++;cppm;ixx;def;odl;idl;hpj;bat;asm;asmx</Extensions>
    </Filter>
    <Filter Include="헤더 파일">
      <UniqueIdentifier>{60e68960-5f95-4cc9-8d08-b1dd2dbcf1da}</UniqueIdentifier>
    </Filter>
  </ItemGroup>
  <ItemGroup>
    <ClCompile Include="d3dclass.cpp">
      <Filter>소스 파일</Filter>
    </ClCompile>
    <ClCompile Include="graphicsclass.cpp">
      <Filter>소스 파일</Filter>
    </ClCompile>
    <ClCompile Include="inputclass.cpp">
      <Filter>소스 파일</Filter>
    </ClCompile>
    <ClCompile Include="main.cpp">
      <Filter>소스 파일</Filter>
    </ClCompile>
    <ClCompile Include="systemclass.cpp">
      <Filter>소스 파일</Filter>
    </ClCompile>
    <ClCompile Include="modelclass.cpp">
      <Filter>소스 파일</Filter>
    </ClCompile>
    <ClCompile Include="textureclass.cpp">
      <Filter>소스 파일</Filter>
    </ClCompile>
    <ClCompile Include="textureshaderclass.cpp">
      <Filter>소스 파일</Filter>
    </ClCompile>
    <ClCompile Include="DDSTextureLoader.cpp">
      <Filter>소스 파일</Filter>
    </ClCompile>
    <ClCompile Include="GameObject.cpp">
      <Filter>소스 파일</Filter>
    </ClCompile>
    <ClCompile Include="ObjectClass.cpp">
      <Filter>소스 파일</Filter>
    </ClCompile>
    <ClCompile Include="lightclass.cpp">
      <Filter>소스 파일</Filter>
    </ClCompile>
    <ClCompile Include="lightshaderclass.cpp">
      <Filter>소스 파일</Filter>
    </ClCompile>
    <ClCompile Include="fontshaderclass.cpp">
      <Filter>소스 파일</Filter>
    </ClCompile>
    <ClCompile Include="fontclass.cpp">
      <Filter>소스 파일</Filter>
    </ClCompile>
    <ClCompile Include="timerclass.cpp">
      <Filter>소스 파일</Filter>
    </ClCompile>
    <ClCompile Include="cpuclass.cpp">
      <Filter>소스 파일</Filter>
    </ClCompile>
    <ClCompile Include="fpsclass.cpp">
      <Filter>소스 파일</Filter>
    </ClCompile>
    <ClCompile Include="LightManager.cpp">
      <Filter>소스 파일</Filter>
    </ClCompile>
    <ClCompile Include="ImageUI.cpp">
      <Filter>소스 파일</Filter>
    </ClCompile>
    <ClCompile Include="PanelModelClass.cpp">
      <Filter>소스 파일</Filter>
    </ClCompile>
    <ClCompile Include="CanvasObject.cpp">
      <Filter>소스 파일</Filter>
    </ClCompile>
    <ClCompile Include="Canvas.cpp">
      <Filter>소스 파일</Filter>
    </ClCompile>
    <ClCompile Include="Collision.cpp">
      <Filter>소스 파일</Filter>
    </ClCompile>
    <ClCompile Include="Collider.cpp">
      <Filter>소스 파일</Filter>
    </ClCompile>
    <ClCompile Include="ColliderType.cpp">
      <Filter>소스 파일</Filter>
    </ClCompile>
    <ClCompile Include="Transform.cpp">
      <Filter>소스 파일</Filter>
    </ClCompile>
    <ClCompile Include="Component.cpp">
      <Filter>소스 파일</Filter>
    </ClCompile>
    <ClCompile Include="RectTransform.cpp">
      <Filter>소스 파일</Filter>
    </ClCompile>
    <ClCompile Include="CanvasRenderer.cpp">
      <Filter>소스 파일</Filter>
    </ClCompile>
    <ClCompile Include="RenderManager.cpp">
      <Filter>소스 파일</Filter>
    </ClCompile>
    <ClCompile Include="Renderer.cpp">
      <Filter>소스 파일</Filter>
    </ClCompile>
    <ClCompile Include="GUIRenderManager.cpp">
      <Filter>소스 파일</Filter>
    </ClCompile>
    <ClCompile Include="CanvasRenderManager.cpp">
      <Filter>소스 파일</Filter>
    </ClCompile>
    <ClCompile Include="GUIRenderer.cpp">
      <Filter>소스 파일</Filter>
    </ClCompile>
    <ClCompile Include="BaseCamera.cpp">
      <Filter>소스 파일</Filter>
    </ClCompile>
    <ClCompile Include="RenderComponent.cpp">
      <Filter>소스 파일</Filter>
    </ClCompile>
    <ClCompile Include="CameraObject.cpp">
      <Filter>소스 파일</Filter>
    </ClCompile>
    <ClCompile Include="MoveEvent.h">
      <Filter>헤더 파일</Filter>
    </ClCompile>
    <ClCompile Include="SphereCollider.cpp">
      <Filter>소스 파일</Filter>
    </ClCompile>
    <ClCompile Include="RayCollider.cpp">
      <Filter>소스 파일</Filter>
    </ClCompile>
    <ClCompile Include="BoxCollider.cpp">
      <Filter>소스 파일</Filter>
    </ClCompile>
    <ClCompile Include="Player.cpp">
      <Filter>소스 파일</Filter>
    </ClCompile>
    <ClCompile Include="CameraManager.cpp">
      <Filter>소스 파일</Filter>
    </ClCompile>
  </ItemGroup>
  <ItemGroup>
    <ClInclude Include="textureshaderclass.h">
      <Filter>헤더 파일</Filter>
    </ClInclude>
    <ClInclude Include="textureclass.h">
      <Filter>헤더 파일</Filter>
    </ClInclude>
    <ClInclude Include="systemclass.h">
      <Filter>헤더 파일</Filter>
    </ClInclude>
    <ClInclude Include="modelclass.h">
      <Filter>헤더 파일</Filter>
    </ClInclude>
    <ClInclude Include="inputclass.h">
      <Filter>헤더 파일</Filter>
    </ClInclude>
    <ClInclude Include="graphicsclass.h">
      <Filter>헤더 파일</Filter>
    </ClInclude>
    <ClInclude Include="DDSTextureLoader.h">
      <Filter>헤더 파일</Filter>
    </ClInclude>
    <ClInclude Include="d3dclass.h">
      <Filter>헤더 파일</Filter>
    </ClInclude>
    <ClInclude Include="AlignedAllocationPolicy.h">
      <Filter>헤더 파일</Filter>
    </ClInclude>
    <ClInclude Include="GameObject.h">
      <Filter>헤더 파일</Filter>
    </ClInclude>
    <ClInclude Include="ObjectClass.h">
      <Filter>헤더 파일</Filter>
    </ClInclude>
    <ClInclude Include="lightclass.h">
      <Filter>헤더 파일</Filter>
    </ClInclude>
    <ClInclude Include="lightshaderclass.h">
      <Filter>헤더 파일</Filter>
    </ClInclude>
    <ClInclude Include="fontclass.h">
      <Filter>헤더 파일</Filter>
    </ClInclude>
    <ClInclude Include="fontshaderclass.h">
      <Filter>헤더 파일</Filter>
    </ClInclude>
    <ClInclude Include="textclass.h">
      <Filter>헤더 파일</Filter>
    </ClInclude>
    <ClInclude Include="cpuclass.h">
      <Filter>헤더 파일</Filter>
    </ClInclude>
    <ClInclude Include="timerclass.h">
      <Filter>헤더 파일</Filter>
    </ClInclude>
    <ClInclude Include="fpsclass.h">
      <Filter>헤더 파일</Filter>
    </ClInclude>
    <ClInclude Include="CameraObject.h">
      <Filter>헤더 파일</Filter>
    </ClInclude>
    <ClInclude Include="LightManager.h">
      <Filter>헤더 파일</Filter>
    </ClInclude>
    <ClInclude Include="ShootType.h">
      <Filter>헤더 파일</Filter>
    </ClInclude>
    <ClInclude Include="ImageUI.h">
      <Filter>헤더 파일</Filter>
    </ClInclude>
    <ClInclude Include="PanelModelClass.h">
      <Filter>헤더 파일</Filter>
    </ClInclude>
    <ClInclude Include="CanvasObject.h">
      <Filter>헤더 파일</Filter>
    </ClInclude>
    <ClInclude Include="Canvas.h">
      <Filter>헤더 파일</Filter>
    </ClInclude>
    <ClInclude Include="Collider.h">
      <Filter>헤더 파일</Filter>
    </ClInclude>
    <ClInclude Include="ColliderType.h">
      <Filter>헤더 파일</Filter>
    </ClInclude>
    <ClInclude Include="Collision.h">
      <Filter>헤더 파일</Filter>
    </ClInclude>
    <ClInclude Include="Transform.h">
      <Filter>헤더 파일</Filter>
    </ClInclude>
    <ClInclude Include="Component.h">
      <Filter>헤더 파일</Filter>
    </ClInclude>
    <ClInclude Include="Tag.h">
      <Filter>헤더 파일</Filter>
    </ClInclude>
    <ClInclude Include="RectTransform.h">
      <Filter>헤더 파일</Filter>
    </ClInclude>
    <ClInclude Include="CanvasRenderer.h">
      <Filter>헤더 파일</Filter>
    </ClInclude>
    <ClInclude Include="Renderer.h">
      <Filter>헤더 파일</Filter>
    </ClInclude>
    <ClInclude Include="GUIRenderManager.h">
      <Filter>헤더 파일</Filter>
    </ClInclude>
    <ClInclude Include="RenderManager.h">
      <Filter>헤더 파일</Filter>
    </ClInclude>
    <ClInclude Include="CanvasRenderManager.h">
      <Filter>헤더 파일</Filter>
    </ClInclude>
    <ClInclude Include="GUIRenderer.h">
      <Filter>헤더 파일</Filter>
    </ClInclude>
    <ClInclude Include="BaseCamera.h">
      <Filter>헤더 파일</Filter>
    </ClInclude>
    <ClInclude Include="RenderComponent.h">
      <Filter>헤더 파일</Filter>
    </ClInclude>
    <ClInclude Include="SphereCollider.h">
      <Filter>헤더 파일</Filter>
    </ClInclude>
    <ClInclude Include="BoxCollider.h">
      <Filter>헤더 파일</Filter>
    </ClInclude>
    <ClInclude Include="RayCollider.h">
      <Filter>헤더 파일</Filter>
    </ClInclude>
    <ClInclude Include="Player.h">
      <Filter>헤더 파일</Filter>
    </ClInclude>
    <ClInclude Include="CameraManager.h" />
  </ItemGroup>
  <ItemGroup>
    <Image Include="data\Cannon.dds">
      <Filter>리소스 파일</Filter>
    </Image>
    <Image Include="data\1911.dds">
      <Filter>리소스 파일</Filter>
    </Image>
    <Image Include="data\font.dds">
      <Filter>리소스 파일</Filter>
    </Image>
    <Image Include="data\Golem.dds">
      <Filter>리소스 파일</Filter>
    </Image>
    <Image Include="data\KogMaw.dds">
      <Filter>리소스 파일</Filter>
    </Image>
    <Image Include="data\Wolf.dds">
      <Filter>리소스 파일</Filter>
    </Image>
    <Image Include="data\spacesphere.dds">
      <Filter>리소스 파일</Filter>
    </Image>
    <Image Include="data\1.dds">
      <Filter>리소스 파일</Filter>
    </Image>
    <Image Include="data\2.dds">
      <Filter>리소스 파일</Filter>
    </Image>
    <Image Include="data\3.dds">
      <Filter>리소스 파일</Filter>
    </Image>
    <Image Include="data\4.dds">
      <Filter>리소스 파일</Filter>
    </Image>
    <Image Include="data\5.dds">
      <Filter>리소스 파일</Filter>
    </Image>
    <Image Include="data\6.dds">
      <Filter>리소스 파일</Filter>
    </Image>
    <Image Include="data\7.dds">
      <Filter>리소스 파일</Filter>
    </Image>
    <Image Include="data\8.dds">
      <Filter>리소스 파일</Filter>
    </Image>
    <Image Include="data\9.dds">
      <Filter>리소스 파일</Filter>
    </Image>
    <Image Include="data\16.dds">
      <Filter>리소스 파일</Filter>
    </Image>
    <Image Include="data\10.dds">
      <Filter>리소스 파일</Filter>
    </Image>
    <Image Include="data\11.dds">
      <Filter>리소스 파일</Filter>
    </Image>
    <Image Include="data\12.dds">
      <Filter>리소스 파일</Filter>
    </Image>
    <Image Include="data\13.dds">
      <Filter>리소스 파일</Filter>
    </Image>
    <Image Include="data\14.dds">
      <Filter>리소스 파일</Filter>
    </Image>
    <Image Include="data\15.dds">
      <Filter>리소스 파일</Filter>
    </Image>
    <Image Include="data\foliage.dds">
      <Filter>리소스 파일</Filter>
    </Image>
    <Image Include="data\plant.dds">
      <Filter>리소스 파일</Filter>
    </Image>
    <Image Include="data\props.dds">
      <Filter>리소스 파일</Filter>
    </Image>
    <Image Include="data\rock-blue.dds">
      <Filter>리소스 파일</Filter>
    </Image>
    <Image Include="data\rock-red.dds">
      <Filter>리소스 파일</Filter>
    </Image>
    <Image Include="data\Campfire.dds">
      <Filter>리소스 파일</Filter>
    </Image>
    <Image Include="data\arrow.dds">
      <Filter>리소스 파일</Filter>
    </Image>
    <Image Include="data\title.dds">
      <Filter>리소스 파일</Filter>
    </Image>
    <Image Include="data\TempArtilleryLineOfSight.dds">
      <Filter>리소스 파일</Filter>
    </Image>
    <Image Include="data\TempNormalLineOfSight.dds">
      <Filter>리소스 파일</Filter>
    </Image>
    <Image Include="data\TempScopeLineOfSight.dds">
      <Filter>리소스 파일</Filter>
    </Image>
  </ItemGroup>
  <ItemGroup>
    <None Include="data\texture.ps">
      <Filter>리소스 파일</Filter>
    </None>
    <None Include="data\texture.vs">
      <Filter>리소스 파일</Filter>
    </None>
    <None Include="data\font.ps">
      <Filter>리소스 파일</Filter>
    </None>
    <None Include="data\font.vs">
      <Filter>리소스 파일</Filter>
    </None>
  </ItemGroup>
  <ItemGroup>
    <FxCompile Include="data\phongLightShader.hlsl">
      <Filter>리소스 파일</Filter>
    </FxCompile>
  </ItemGroup>
  <ItemGroup>
    <Text Include="data\fontdata.txt">
      <Filter>리소스 파일</Filter>
    </Text>
  </ItemGroup>
</Project>